
Microsoft Visual Studio Solution File, Format Version 12.00
# Visual Studio Version 16
VisualStudioVersion = 16.0.29123.88
MinimumVisualStudioVersion = 10.0.40219.1
Project("{9A19103F-16F7-4668-BE54-9A1E7A4F7556}") = "OSM.Common", "OSM.Common\OSM.Common.csproj", "{33D9E714-8D2F-43B8-8D29-99363FE5A301}"
EndProject
Project("{9A19103F-16F7-4668-BE54-9A1E7A4F7556}") = "OSM.Data", "OSM.Data\OSM.Data.csproj", "{C96E3C42-C3A3-40A4-8472-BF402B5157E5}"
EndProject
Project("{9A19103F-16F7-4668-BE54-9A1E7A4F7556}") = "OSM.Model", "OSM.Model\OSM.Model.csproj", "{BCF42C66-28BF-4FD9-811C-99AC5B8BD113}"
EndProject
Project("{9A19103F-16F7-4668-BE54-9A1E7A4F7556}") = "OSM.Service", "OSM.Service\OSM.Service.csproj", "{6154208C-0817-4CE0-867D-432FBE08AB98}"
EndProject
Project("{FAE04EC0-301F-11D3-BF4B-00C04F79EFBC}") = "OSM.WebCMS", "OSM.WebCMS\OSM.WebCMS.csproj", "{FB4117E1-C243-4B30-A428-B09FFA74F2EB}"
EndProject
Global
	GlobalSection(SolutionConfigurationPlatforms) = preSolution
		Debug|Any CPU = Debug|Any CPU
		Debug|ARM = Debug|ARM
		Debug|ARM64 = Debug|ARM64
		Debug|x64 = Debug|x64
		Debug|x86 = Debug|x86
		Release|Any CPU = Release|Any CPU
		Release|ARM = Release|ARM
		Release|ARM64 = Release|ARM64
		Release|x64 = Release|x64
		Release|x86 = Release|x86
	EndGlobalSection
	GlobalSection(ProjectConfigurationPlatforms) = postSolution
		{33D9E714-8D2F-43B8-8D29-99363FE5A301}.Debug|Any CPU.ActiveCfg = Debug|Any CPU
		{33D9E714-8D2F-43B8-8D29-99363FE5A301}.Debug|Any CPU.Build.0 = Debug|Any CPU
		{33D9E714-8D2F-43B8-8D29-99363FE5A301}.Debug|ARM.ActiveCfg = Debug|Any CPU
		{33D9E714-8D2F-43B8-8D29-99363FE5A301}.Debug|ARM.Build.0 = Debug|Any CPU
		{33D9E714-8D2F-43B8-8D29-99363FE5A301}.Debug|ARM64.ActiveCfg = Debug|Any CPU
		{33D9E714-8D2F-43B8-8D29-99363FE5A301}.Debug|ARM64.Build.0 = Debug|Any CPU
		{33D9E714-8D2F-43B8-8D29-99363FE5A301}.Debug|x64.ActiveCfg = Debug|Any CPU
		{33D9E714-8D2F-43B8-8D29-99363FE5A301}.Debug|x64.Build.0 = Debug|Any CPU
		{33D9E714-8D2F-43B8-8D29-99363FE5A301}.Debug|x86.ActiveCfg = Debug|Any CPU
		{33D9E714-8D2F-43B8-8D29-99363FE5A301}.Debug|x86.Build.0 = Debug|Any CPU
		{33D9E714-8D2F-43B8-8D29-99363FE5A301}.Release|Any CPU.ActiveCfg = Release|Any CPU
		{33D9E714-8D2F-43B8-8D29-99363FE5A301}.Release|Any CPU.Build.0 = Release|Any CPU
		{33D9E714-8D2F-43B8-8D29-99363FE5A301}.Release|ARM.ActiveCfg = Release|Any CPU
		{33D9E714-8D2F-43B8-8D29-99363FE5A301}.Release|ARM.Build.0 = Release|Any CPU
		{33D9E714-8D2F-43B8-8D29-99363FE5A301}.Release|ARM64.ActiveCfg = Release|Any CPU
		{33D9E714-8D2F-43B8-8D29-99363FE5A301}.Release|ARM64.Build.0 = Release|Any CPU
		{33D9E714-8D2F-43B8-8D29-99363FE5A301}.Release|x64.ActiveCfg = Release|Any CPU
		{33D9E714-8D2F-43B8-8D29-99363FE5A301}.Release|x64.Build.0 = Release|Any CPU
		{33D9E714-8D2F-43B8-8D29-99363FE5A301}.Release|x86.ActiveCfg = Release|Any CPU
		{33D9E714-8D2F-43B8-8D29-99363FE5A301}.Release|x86.Build.0 = Release|Any CPU
		{C96E3C42-C3A3-40A4-8472-BF402B5157E5}.Debug|Any CPU.ActiveCfg = Debug|Any CPU
		{C96E3C42-C3A3-40A4-8472-BF402B5157E5}.Debug|Any CPU.Build.0 = Debug|Any CPU
		{C96E3C42-C3A3-40A4-8472-BF402B5157E5}.Debug|ARM.ActiveCfg = Debug|Any CPU
		{C96E3C42-C3A3-40A4-8472-BF402B5157E5}.Debug|ARM.Build.0 = Debug|Any CPU
		{C96E3C42-C3A3-40A4-8472-BF402B5157E5}.Debug|ARM64.ActiveCfg = Debug|Any CPU
		{C96E3C42-C3A3-40A4-8472-BF402B5157E5}.Debug|ARM64.Build.0 = Debug|Any CPU
		{C96E3C42-C3A3-40A4-8472-BF402B5157E5}.Debug|x64.ActiveCfg = Debug|Any CPU
		{C96E3C42-C3A3-40A4-8472-BF402B5157E5}.Debug|x64.Build.0 = Debug|Any CPU
		{C96E3C42-C3A3-40A4-8472-BF402B5157E5}.Debug|x86.ActiveCfg = Debug|Any CPU
		{C96E3C42-C3A3-40A4-8472-BF402B5157E5}.Debug|x86.Build.0 = Debug|Any CPU
		{C96E3C42-C3A3-40A4-8472-BF402B5157E5}.Release|Any CPU.ActiveCfg = Release|Any CPU
		{C96E3C42-C3A3-40A4-8472-BF402B5157E5}.Release|Any CPU.Build.0 = Release|Any CPU
		{C96E3C42-C3A3-40A4-8472-BF402B5157E5}.Release|ARM.ActiveCfg = Release|Any CPU
		{C96E3C42-C3A3-40A4-8472-BF402B5157E5}.Release|ARM.Build.0 = Release|Any CPU
		{C96E3C42-C3A3-40A4-8472-BF402B5157E5}.Release|ARM64.ActiveCfg = Release|Any CPU
		{C96E3C42-C3A3-40A4-8472-BF402B5157E5}.Release|ARM64.Build.0 = Release|Any CPU
		{C96E3C42-C3A3-40A4-8472-BF402B5157E5}.Release|x64.ActiveCfg = Release|Any CPU
		{C96E3C42-C3A3-40A4-8472-BF402B5157E5}.Release|x64.Build.0 = Release|Any CPU
		{C96E3C42-C3A3-40A4-8472-BF402B5157E5}.Release|x86.ActiveCfg = Release|Any CPU
		{C96E3C42-C3A3-40A4-8472-BF402B5157E5}.Release|x86.Build.0 = Release|Any CPU
		{BCF42C66-28BF-4FD9-811C-99AC5B8BD113}.Debug|Any CPU.ActiveCfg = Debug|Any CPU
		{BCF42C66-28BF-4FD9-811C-99AC5B8BD113}.Debug|Any CPU.Build.0 = Debug|Any CPU
		{BCF42C66-28BF-4FD9-811C-99AC5B8BD113}.Debug|ARM.ActiveCfg = Debug|Any CPU
		{BCF42C66-28BF-4FD9-811C-99AC5B8BD113}.Debug|ARM.Build.0 = Debug|Any CPU
		{BCF42C66-28BF-4FD9-811C-99AC5B8BD113}.Debug|ARM64.ActiveCfg = Debug|Any CPU
		{BCF42C66-28BF-4FD9-811C-99AC5B8BD113}.Debug|ARM64.Build.0 = Debug|Any CPU
		{BCF42C66-28BF-4FD9-811C-99AC5B8BD113}.Debug|x64.ActiveCfg = Debug|Any CPU
		{BCF42C66-28BF-4FD9-811C-99AC5B8BD113}.Debug|x64.Build.0 = Debug|Any CPU
		{BCF42C66-28BF-4FD9-811C-99AC5B8BD113}.Debug|x86.ActiveCfg = Debug|Any CPU
		{BCF42C66-28BF-4FD9-811C-99AC5B8BD113}.Debug|x86.Build.0 = Debug|Any CPU
		{BCF42C66-28BF-4FD9-811C-99AC5B8BD113}.Release|Any CPU.ActiveCfg = Release|Any CPU
		{BCF42C66-28BF-4FD9-811C-99AC5B8BD113}.Release|Any CPU.Build.0 = Release|Any CPU
		{BCF42C66-28BF-4FD9-811C-99AC5B8BD113}.Release|ARM.ActiveCfg = Release|Any CPU
		{BCF42C66-28BF-4FD9-811C-99AC5B8BD113}.Release|ARM.Build.0 = Release|Any CPU
		{BCF42C66-28BF-4FD9-811C-99AC5B8BD113}.Release|ARM64.ActiveCfg = Release|Any CPU
		{BCF42C66-28BF-4FD9-811C-99AC5B8BD113}.Release|ARM64.Build.0 = Release|Any CPU
		{BCF42C66-28BF-4FD9-811C-99AC5B8BD113}.Release|x64.ActiveCfg = Release|Any CPU
		{BCF42C66-28BF-4FD9-811C-99AC5B8BD113}.Release|x64.Build.0 = Release|Any CPU
		{BCF42C66-28BF-4FD9-811C-99AC5B8BD113}.Release|x86.ActiveCfg = Release|Any CPU
		{BCF42C66-28BF-4FD9-811C-99AC5B8BD113}.Release|x86.Build.0 = Release|Any CPU
		{6154208C-0817-4CE0-867D-432FBE08AB98}.Debug|Any CPU.ActiveCfg = Debug|Any CPU
		{6154208C-0817-4CE0-867D-432FBE08AB98}.Debug|Any CPU.Build.0 = Debug|Any CPU
		{6154208C-0817-4CE0-867D-432FBE08AB98}.Debug|ARM.ActiveCfg = Debug|Any CPU
		{6154208C-0817-4CE0-867D-432FBE08AB98}.Debug|ARM.Build.0 = Debug|Any CPU
		{6154208C-0817-4CE0-867D-432FBE08AB98}.Debug|ARM64.ActiveCfg = Debug|Any CPU
		{6154208C-0817-4CE0-867D-432FBE08AB98}.Debug|ARM64.Build.0 = Debug|Any CPU
		{6154208C-0817-4CE0-867D-432FBE08AB98}.Debug|x64.ActiveCfg = Debug|Any CPU
		{6154208C-0817-4CE0-867D-432FBE08AB98}.Debug|x64.Build.0 = Debug|Any CPU
		{6154208C-0817-4CE0-867D-432FBE08AB98}.Debug|x86.ActiveCfg = Debug|Any CPU
		{6154208C-0817-4CE0-867D-432FBE08AB98}.Debug|x86.Build.0 = Debug|Any CPU
		{6154208C-0817-4CE0-867D-432FBE08AB98}.Release|Any CPU.ActiveCfg = Release|Any CPU
		{6154208C-0817-4CE0-867D-432FBE08AB98}.Release|Any CPU.Build.0 = Release|Any CPU
		{6154208C-0817-4CE0-867D-432FBE08AB98}.Release|ARM.ActiveCfg = Release|Any CPU
		{6154208C-0817-4CE0-867D-432FBE08AB98}.Release|ARM.Build.0 = Release|Any CPU
		{6154208C-0817-4CE0-867D-432FBE08AB98}.Release|ARM64.ActiveCfg = Release|Any CPU
		{6154208C-0817-4CE0-867D-432FBE08AB98}.Release|ARM64.Build.0 = Release|Any CPU
		{6154208C-0817-4CE0-867D-432FBE08AB98}.Release|x64.ActiveCfg = Release|Any CPU
		{6154208C-0817-4CE0-867D-432FBE08AB98}.Release|x64.Build.0 = Release|Any CPU
		{6154208C-0817-4CE0-867D-432FBE08AB98}.Release|x86.ActiveCfg = Release|Any CPU
		{6154208C-0817-4CE0-867D-432FBE08AB98}.Release|x86.Build.0 = Release|Any CPU
		{FB4117E1-C243-4B30-A428-B09FFA74F2EB}.Debug|Any CPU.ActiveCfg = Debug|Any CPU
		{FB4117E1-C243-4B30-A428-B09FFA74F2EB}.Debug|Any CPU.Build.0 = Debug|Any CPU
		{FB4117E1-C243-4B30-A428-B09FFA74F2EB}.Debug|ARM.ActiveCfg = Debug|Any CPU
		{FB4117E1-C243-4B30-A428-B09FFA74F2EB}.Debug|ARM.Build.0 = Debug|Any CPU
		{FB4117E1-C243-4B30-A428-B09FFA74F2EB}.Debug|ARM64.ActiveCfg = Debug|Any CPU
		{FB4117E1-C243-4B30-A428-B09FFA74F2EB}.Debug|ARM64.Build.0 = Debug|Any CPU
		{FB4117E1-C243-4B30-A428-B09FFA74F2EB}.Debug|x64.ActiveCfg = Debug|Any CPU
		{FB4117E1-C243-4B30-A428-B09FFA74F2EB}.Debug|x64.Build.0 = Debug|Any CPU
		{FB4117E1-C243-4B30-A428-B09FFA74F2EB}.Debug|x86.ActiveCfg = Debug|Any CPU
		{FB4117E1-C243-4B30-A428-B09FFA74F2EB}.Debug|x86.Build.0 = Debug|Any CPU
		{FB4117E1-C243-4B30-A428-B09FFA74F2EB}.Release|Any CPU.ActiveCfg = Release|Any CPU
		{FB4117E1-C243-4B30-A428-B09FFA74F2EB}.Release|Any CPU.Build.0 = Release|Any CPU
		{FB4117E1-C243-4B30-A428-B09FFA74F2EB}.Release|ARM.ActiveCfg = Release|Any CPU
		{FB4117E1-C243-4B30-A428-B09FFA74F2EB}.Release|ARM.Build.0 = Release|Any CPU
		{FB4117E1-C243-4B30-A428-B09FFA74F2EB}.Release|ARM64.ActiveCfg = Release|Any CPU
		{FB4117E1-C243-4B30-A428-B09FFA74F2EB}.Release|ARM64.Build.0 = Release|Any CPU
		{FB4117E1-C243-4B30-A428-B09FFA74F2EB}.Release|x64.ActiveCfg = Release|Any CPU
		{FB4117E1-C243-4B30-A428-B09FFA74F2EB}.Release|x64.Build.0 = Release|Any CPU
		{FB4117E1-C243-4B30-A428-B09FFA74F2EB}.Release|x86.ActiveCfg = Release|Any CPU
		{FB4117E1-C243-4B30-A428-B09FFA74F2EB}.Release|x86.Build.0 = Release|Any CPU
	EndGlobalSection
	GlobalSection(SolutionProperties) = preSolution
		HideSolutionNode = FALSE
	EndGlobalSection
	GlobalSection(ExtensibilityGlobals) = postSolution
		SolutionGuid = {BEE3C107-8DDD-40F0-93F6-9F8355F7AA2D}
	EndGlobalSection
EndGlobal
